
Microsoft Visual Studio Solution File, Format Version 12.00
# Visual Studio 15
VisualStudioVersion = 15.0.27004.2002
MinimumVisualStudioVersion = 10.0.40219.1
Project("{FAE04EC0-301F-11D3-BF4B-00C04F79EFBC}") = "Polymorphism", "Polymorphism\Polymorphism.csproj", "{C327D63F-CA04-4FA7-A4CA-5575AE4629C0}"
EndProject
Global
	GlobalSection(SolutionConfigurationPlatforms) = preSolution
		Debug|Any CPU = Debug|Any CPU
		Release|Any CPU = Release|Any CPU
	EndGlobalSection
	GlobalSection(ProjectConfigurationPlatforms) = postSolution
		{C327D63F-CA04-4FA7-A4CA-5575AE4629C0}.Debug|Any CPU.ActiveCfg = Debug|Any CPU
		{C327D63F-CA04-4FA7-A4CA-5575AE4629C0}.Debug|Any CPU.Build.0 = Debug|Any CPU
		{C327D63F-CA04-4FA7-A4CA-5575AE4629C0}.Release|Any CPU.ActiveCfg = Release|Any CPU
		{C327D63F-CA04-4FA7-A4CA-5575AE4629C0}.Release|Any CPU.Build.0 = Release|Any CPU
	EndGlobalSection
	GlobalSection(SolutionProperties) = preSolution
		HideSolutionNode = FALSE
	EndGlobalSection
	GlobalSection(ExtensibilityGlobals) = postSolution
		SolutionGuid = {BB559CE8-D60A-4A53-9F83-B305C35BA950}
	EndGlobalSection
EndGlobal
